{
  "name": "@smockdev/agentpanel",
  "version": "0.2.0",
  "lockfileVersion": 3,
  "requires": true,
  "packages": {
    "": {
      "name": "@smockdev/agentpanel",
      "version": "0.2.0",
      "license": "MIT",
      "dependencies": {
        "@lydell/node-pty": "^1.2.0-beta.14",
        "qrcode-terminal": "^0.12.0",
        "ws": "^8.21.1"
      },
      "bin": {
        "agentpanel": "bin/agentpanel.js",
        "apanel": "bin/agentpanel.js"
      },
      "engines": {
        "node": ">=20"
      }
    },
    "node_modules/@lydell/node-pty": {
      "version": "1.2.0-beta.14",
      "resolved": "https://registry.npmjs.org/@lydell/node-pty/-/node-pty-1.2.0-beta.14.tgz",
      "integrity": "sha512-RjQis46eBwL9xyDvfXqVsNS2JZ5zQQK/QAYsNE5j8sYPTf4/OpG5Ghm92WGn+w4Rsk3LTpj2adpaZM9Cb8rzDA==",
      "license": "MIT",
      "optionalDependencies": {
        "@lydell/node-pty-darwin-arm64": "1.2.0-beta.14",
        "@lydell/node-pty-darwin-x64": "1.2.0-beta.14",
        "@lydell/node-pty-linux-arm64": "1.2.0-beta.14",
        "@lydell/node-pty-linux-x64": "1.2.0-beta.14",
        "@lydell/node-pty-win32-arm64": "1.2.0-beta.14",
        "@lydell/node-pty-win32-x64": "1.2.0-beta.14"
      }
    },
    "node_modules/@lydell/node-pty-darwin-arm64": {
      "version": "1.2.0-beta.14",
      "resolved": "https://registry.npmjs.org/@lydell/node-pty-darwin-arm64/-/node-pty-darwin-arm64-1.2.0-beta.14.tgz",
      "integrity": "sha512-C0Zxnl8rTrW/ngu1CKb1NoIiBxoCDL+9SpFSkOaV5MytE7pFN/qTVDFtuIOruE1SL6v17A71jI9bpUIBHn6jJA==",
      "cpu": [
        "arm64"
      ],
      "license": "MIT",
      "optional": true,
      "os": [
        "darwin"
      ]
    },
    "node_modules/@lydell/node-pty-darwin-x64": {
      "version": "1.2.0-beta.14",
      "resolved": "https://registry.npmjs.org/@lydell/node-pty-darwin-x64/-/node-pty-darwin-x64-1.2.0-beta.14.tgz",
      "integrity": "sha512-P77aRx2TzjmlX6D3XUjTEi4rxvjkJA8VIBwUwe23pphg5DKdc9/g5Y+IsN3KX3lmNmKFVTBIbKcNkl+n8Cgwiw==",
      "cpu": [
        "x64"
      ],
      "license": "MIT",
      "optional": true,
      "os": [
        "darwin"
      ]
    },
    "node_modules/@lydell/node-pty-linux-arm64": {
      "version": "1.2.0-beta.14",
      "resolved": "https://registry.npmjs.org/@lydell/node-pty-linux-arm64/-/node-pty-linux-arm64-1.2.0-beta.14.tgz",
      "integrity": "sha512-xZclf3acgWmHi7VMZeVBUJRyJQf78pjCkeBf3ofT/5Xvn5QkRICCZJXtcg1f2lJoCtdF1OWHkeddmJgVDOSv6Q==",
      "cpu": [
        "arm64"
      ],
      "license": "MIT",
      "optional": true,
      "os": [
        "linux"
      ]
    },
    "node_modules/@lydell/node-pty-linux-x64": {
      "version": "1.2.0-beta.14",
      "resolved": "https://registry.npmjs.org/@lydell/node-pty-linux-x64/-/node-pty-linux-x64-1.2.0-beta.14.tgz",
      "integrity": "sha512-ijTyPgkECpLkrBqs/uuasaXgjv/lQf+5am19ywF6SQ6PsreHZgT36h2j5cdFTN551KHFEDMl6fCgMPDxEEyqxg==",
      "cpu": [
        "x64"
      ],
      "license": "MIT",
      "optional": true,
      "os": [
        "linux"
      ]
    },
    "node_modules/@lydell/node-pty-win32-arm64": {
      "version": "1.2.0-beta.14",
      "resolved": "https://registry.npmjs.org/@lydell/node-pty-win32-arm64/-/node-pty-win32-arm64-1.2.0-beta.14.tgz",
      "integrity": "sha512-yw1R4qPtspu0w2p4YhoYuznfQQsdHrVtQnKVDKYTjyuqzF720JZyIdfTRQ0Fl8ChcNesLIrq1kIBfkDPy7CXgg==",
      "cpu": [
        "arm64"
      ],
      "license": "MIT",
      "optional": true,
      "os": [
        "win32"
      ]
    },
    "node_modules/@lydell/node-pty-win32-x64": {
      "version": "1.2.0-beta.14",
      "resolved": "https://registry.npmjs.org/@lydell/node-pty-win32-x64/-/node-pty-win32-x64-1.2.0-beta.14.tgz",
      "integrity": "sha512-aenTbinERVvWgCQkFwqj9SOR+t/1ZVJ8RqMAk6nB9Lh7oiuRCDzVfs0fNhHRw7JtURZ4jG4i51jou0uXg2yrIw==",
      "cpu": [
        "x64"
      ],
      "license": "MIT",
      "optional": true,
      "os": [
        "win32"
      ]
    },
    "node_modules/qrcode-terminal": {
      "version": "0.12.0",
      "resolved": "https://registry.npmjs.org/qrcode-terminal/-/qrcode-terminal-0.12.0.tgz",
      "integrity": "sha512-EXtzRZmC+YGmGlDFbXKxQiMZNwCLEO6BANKXG4iCtSIM0yqc/pappSx3RIKr4r0uh5JsBckOXeKrB3Iz7mdQpQ==",
      "bin": {
        "qrcode-terminal": "bin/qrcode-terminal.js"
      }
    },
    "node_modules/ws": {
      "version": "8.21.1",
      "resolved": "https://registry.npmjs.org/ws/-/ws-8.21.1.tgz",
      "integrity": "sha512-+0NTnW77fFN/DjQi6k/Sq/Yvk4Sgajw7urW8V+asjXnRgDs9gyGkdb7EzgfhA4goXsRIZKE28fzIXBHEzhuiWw==",
      "license": "MIT",
      "engines": {
        "node": ">=10.0.0"
      },
      "peerDependencies": {
        "bufferutil": "^4.0.1",
        "utf-8-validate": ">=5.0.2"
      },
      "peerDependenciesMeta": {
        "bufferutil": {
          "optional": true
        },
        "utf-8-validate": {
          "optional": true
        }
      }
    }
  }
}
